
Microsoft Visual Studio Solution File, Format Version 12.00
# Visual Studio 15
VisualStudioVersion = 15.0.28307.329
MinimumVisualStudioVersion = 10.0.40219.1
Project("{8BC9CEB8-8B4A-11D0-8D11-00A0C91BC942}") = "01_Intro", "01_Intro\01_Intro.vcxproj", "{B2C1B579-AD68-447A-89C1-53EC85DDC4FB}"
EndProject
Project("{8BC9CEB8-8B4A-11D0-8D11-00A0C91BC942}") = "02_PreDS", "02_PreDS\02_PreDS.vcxproj", "{9B03F6C7-1161-4ABE-975F-BF2BB6BD4DD9}"
EndProject
Project("{8BC9CEB8-8B4A-11D0-8D11-00A0C91BC942}") = "ch01_자료구조와알고리즘이해", "ch01_자료구조와알고리즘이해\ch01_자료구조와알고리즘이해.vcxproj", "{477A4A7A-10B9-4171-8DFE-DF295CEE7C8B}"
EndProject
Project("{8BC9CEB8-8B4A-11D0-8D11-00A0C91BC942}") = "ch02_재귀", "ch02_재귀\ch02_재귀.vcxproj", "{87286DE1-6AF6-4A8B-A042-08FB00481D97}"
EndProject
Project("{8BC9CEB8-8B4A-11D0-8D11-00A0C91BC942}") = "ch03_연결리스트1", "ch03_연결리스트1\ch03_연결리스트1.vcxproj", "{F81AC9B2-A93E-4774-83A2-62CED5A5C7BE}"
EndProject
Project("{8BC9CEB8-8B4A-11D0-8D11-00A0C91BC942}") = "ch04_연결리스트2", "ch04_연결리스트2\ch04_연결리스트2.vcxproj", "{7D024315-AC12-42B9-9F1A-D92DBADD4C74}"
EndProject
Project("{8BC9CEB8-8B4A-11D0-8D11-00A0C91BC942}") = "ch05_연결릭스트3", "ch05_연결릭스트3\ch05_연결릭스트3.vcxproj", "{16EB20BC-3CE1-48F0-9558-655B18702621}"
EndProject
Project("{8BC9CEB8-8B4A-11D0-8D11-00A0C91BC942}") = "ch06_스택", "ch06_스택\ch06_스택.vcxproj", "{A016D48E-4EAC-4BB7-B5A8-68AFB89661FB}"
EndProject
Project("{8BC9CEB8-8B4A-11D0-8D11-00A0C91BC942}") = "ch07_큐", "ch07_큐\ch07_큐.vcxproj", "{57661CC9-2AB3-4865-A827-5678A7DAA0E3}"
EndProject
Project("{8BC9CEB8-8B4A-11D0-8D11-00A0C91BC942}") = "ch08_트리", "ch08_트리\ch08_트리.vcxproj", "{A1692D5A-9928-4DCC-BAE0-2FF207862767}"
EndProject
Project("{8BC9CEB8-8B4A-11D0-8D11-00A0C91BC942}") = "ch09_우선순위큐와힙", "ch09_우선순위큐와힙\ch09_우선순위큐와힙.vcxproj", "{36B83562-ECDA-4365-ACE2-6C013B31ECA6}"
EndProject
Project("{8BC9CEB8-8B4A-11D0-8D11-00A0C91BC942}") = "ch10_정렬", "ch10_정렬\ch10_정렬.vcxproj", "{05E59416-C669-4F49-9478-33F5822EA736}"
EndProject
Project("{8BC9CEB8-8B4A-11D0-8D11-00A0C91BC942}") = "ch11_탐색1", "ch11_탐색1\ch11_탐색1.vcxproj", "{4128A48F-E071-4554-9170-4A4FF410FB67}"
EndProject
Project("{8BC9CEB8-8B4A-11D0-8D11-00A0C91BC942}") = "ch12_탐색2", "ch12_탐색2\ch12_탐색2.vcxproj", "{E2B84771-399A-42A5-874A-B11028FF8841}"
EndProject
Project("{8BC9CEB8-8B4A-11D0-8D11-00A0C91BC942}") = "ch13_테이블과해쉬", "ch13_테이블과해쉬\ch13_테이블과해쉬.vcxproj", "{CFCD9AB8-A2BB-4935-AE84-C21E932DECCF}"
EndProject
Project("{8BC9CEB8-8B4A-11D0-8D11-00A0C91BC942}") = "03_ADT", "03_ADT\03_ADT.vcxproj", "{6C202302-45CE-4BF1-B6E5-871C53644C2F}"
EndProject
Project("{8BC9CEB8-8B4A-11D0-8D11-00A0C91BC942}") = "04_ArrayList", "04_ArrayList\04_ArrayList.vcxproj", "{11799698-EA1C-454E-8E9A-18454A13D8D4}"
EndProject
Project("{8BC9CEB8-8B4A-11D0-8D11-00A0C91BC942}") = "05_LinkedList", "05_LinkedList\05_LinkedList.vcxproj", "{AF37C2F6-CE13-4413-8771-3900E76397B4}"
EndProject
Project("{8BC9CEB8-8B4A-11D0-8D11-00A0C91BC942}") = "06_Stack", "06_Stack\06_Stack.vcxproj", "{44199ED4-AEB3-44D1-9073-C0CF11D96BBF}"
EndProject
Project("{8BC9CEB8-8B4A-11D0-8D11-00A0C91BC942}") = "ch14_그래프", "ch14_그래프\ch14_그래프.vcxproj", "{3110834D-912E-4988-A1B9-C92AD707CB97}"
EndProject
Global
	GlobalSection(SolutionConfigurationPlatforms) = preSolution
		Debug|Win32 = Debug|Win32
		Debug|x64 = Debug|x64
		Release|Win32 = Release|Win32
		Release|x64 = Release|x64
	EndGlobalSection
	GlobalSection(ProjectConfigurationPlatforms) = postSolution
		{B2C1B579-AD68-447A-89C1-53EC85DDC4FB}.Debug|Win32.ActiveCfg = Debug|Win32
		{B2C1B579-AD68-447A-89C1-53EC85DDC4FB}.Debug|Win32.Build.0 = Debug|Win32
		{B2C1B579-AD68-447A-89C1-53EC85DDC4FB}.Debug|x64.ActiveCfg = Debug|Win32
		{B2C1B579-AD68-447A-89C1-53EC85DDC4FB}.Release|Win32.ActiveCfg = Release|Win32
		{B2C1B579-AD68-447A-89C1-53EC85DDC4FB}.Release|Win32.Build.0 = Release|Win32
		{B2C1B579-AD68-447A-89C1-53EC85DDC4FB}.Release|x64.ActiveCfg = Release|Win32
		{9B03F6C7-1161-4ABE-975F-BF2BB6BD4DD9}.Debug|Win32.ActiveCfg = Debug|Win32
		{9B03F6C7-1161-4ABE-975F-BF2BB6BD4DD9}.Debug|Win32.Build.0 = Debug|Win32
		{9B03F6C7-1161-4ABE-975F-BF2BB6BD4DD9}.Debug|x64.ActiveCfg = Debug|Win32
		{9B03F6C7-1161-4ABE-975F-BF2BB6BD4DD9}.Release|Win32.ActiveCfg = Release|Win32
		{9B03F6C7-1161-4ABE-975F-BF2BB6BD4DD9}.Release|x64.ActiveCfg = Release|Win32
		{477A4A7A-10B9-4171-8DFE-DF295CEE7C8B}.Debug|Win32.ActiveCfg = Debug|Win32
		{477A4A7A-10B9-4171-8DFE-DF295CEE7C8B}.Debug|Win32.Build.0 = Debug|Win32
		{477A4A7A-10B9-4171-8DFE-DF295CEE7C8B}.Debug|x64.ActiveCfg = Debug|Win32
		{477A4A7A-10B9-4171-8DFE-DF295CEE7C8B}.Release|Win32.ActiveCfg = Release|Win32
		{477A4A7A-10B9-4171-8DFE-DF295CEE7C8B}.Release|Win32.Build.0 = Release|Win32
		{477A4A7A-10B9-4171-8DFE-DF295CEE7C8B}.Release|x64.ActiveCfg = Release|Win32
		{87286DE1-6AF6-4A8B-A042-08FB00481D97}.Debug|Win32.ActiveCfg = Debug|Win32
		{87286DE1-6AF6-4A8B-A042-08FB00481D97}.Debug|Win32.Build.0 = Debug|Win32
		{87286DE1-6AF6-4A8B-A042-08FB00481D97}.Debug|x64.ActiveCfg = Debug|Win32
		{87286DE1-6AF6-4A8B-A042-08FB00481D97}.Release|Win32.ActiveCfg = Release|Win32
		{87286DE1-6AF6-4A8B-A042-08FB00481D97}.Release|Win32.Build.0 = Release|Win32
		{87286DE1-6AF6-4A8B-A042-08FB00481D97}.Release|x64.ActiveCfg = Release|Win32
		{F81AC9B2-A93E-4774-83A2-62CED5A5C7BE}.Debug|Win32.ActiveCfg = Debug|Win32
		{F81AC9B2-A93E-4774-83A2-62CED5A5C7BE}.Debug|Win32.Build.0 = Debug|Win32
		{F81AC9B2-A93E-4774-83A2-62CED5A5C7BE}.Debug|x64.ActiveCfg = Debug|Win32
		{F81AC9B2-A93E-4774-83A2-62CED5A5C7BE}.Release|Win32.ActiveCfg = Release|Win32
		{F81AC9B2-A93E-4774-83A2-62CED5A5C7BE}.Release|Win32.Build.0 = Release|Win32
		{F81AC9B2-A93E-4774-83A2-62CED5A5C7BE}.Release|x64.ActiveCfg = Release|Win32
		{7D024315-AC12-42B9-9F1A-D92DBADD4C74}.Debug|Win32.ActiveCfg = Debug|Win32
		{7D024315-AC12-42B9-9F1A-D92DBADD4C74}.Debug|Win32.Build.0 = Debug|Win32
		{7D024315-AC12-42B9-9F1A-D92DBADD4C74}.Debug|x64.ActiveCfg = Debug|Win32
		{7D024315-AC12-42B9-9F1A-D92DBADD4C74}.Release|Win32.ActiveCfg = Release|Win32
		{7D024315-AC12-42B9-9F1A-D92DBADD4C74}.Release|Win32.Build.0 = Release|Win32
		{7D024315-AC12-42B9-9F1A-D92DBADD4C74}.Release|x64.ActiveCfg = Release|Win32
		{16EB20BC-3CE1-48F0-9558-655B18702621}.Debug|Win32.ActiveCfg = Debug|Win32
		{16EB20BC-3CE1-48F0-9558-655B18702621}.Debug|Win32.Build.0 = Debug|Win32
		{16EB20BC-3CE1-48F0-9558-655B18702621}.Debug|x64.ActiveCfg = Debug|Win32
		{16EB20BC-3CE1-48F0-9558-655B18702621}.Release|Win32.ActiveCfg = Release|Win32
		{16EB20BC-3CE1-48F0-9558-655B18702621}.Release|Win32.Build.0 = Release|Win32
		{16EB20BC-3CE1-48F0-9558-655B18702621}.Release|x64.ActiveCfg = Release|Win32
		{A016D48E-4EAC-4BB7-B5A8-68AFB89661FB}.Debug|Win32.ActiveCfg = Debug|Win32
		{A016D48E-4EAC-4BB7-B5A8-68AFB89661FB}.Debug|Win32.Build.0 = Debug|Win32
		{A016D48E-4EAC-4BB7-B5A8-68AFB89661FB}.Debug|x64.ActiveCfg = Debug|Win32
		{A016D48E-4EAC-4BB7-B5A8-68AFB89661FB}.Release|Win32.ActiveCfg = Release|Win32
		{A016D48E-4EAC-4BB7-B5A8-68AFB89661FB}.Release|Win32.Build.0 = Release|Win32
		{A016D48E-4EAC-4BB7-B5A8-68AFB89661FB}.Release|x64.ActiveCfg = Release|Win32
		{57661CC9-2AB3-4865-A827-5678A7DAA0E3}.Debug|Win32.ActiveCfg = Debug|Win32
		{57661CC9-2AB3-4865-A827-5678A7DAA0E3}.Debug|Win32.Build.0 = Debug|Win32
		{57661CC9-2AB3-4865-A827-5678A7DAA0E3}.Debug|x64.ActiveCfg = Debug|Win32
		{57661CC9-2AB3-4865-A827-5678A7DAA0E3}.Release|Win32.ActiveCfg = Release|Win32
		{57661CC9-2AB3-4865-A827-5678A7DAA0E3}.Release|Win32.Build.0 = Release|Win32
		{57661CC9-2AB3-4865-A827-5678A7DAA0E3}.Release|x64.ActiveCfg = Release|Win32
		{A1692D5A-9928-4DCC-BAE0-2FF207862767}.Debug|Win32.ActiveCfg = Debug|Win32
		{A1692D5A-9928-4DCC-BAE0-2FF207862767}.Debug|Win32.Build.0 = Debug|Win32
		{A1692D5A-9928-4DCC-BAE0-2FF207862767}.Debug|x64.ActiveCfg = Debug|Win32
		{A1692D5A-9928-4DCC-BAE0-2FF207862767}.Release|Win32.ActiveCfg = Release|Win32
		{A1692D5A-9928-4DCC-BAE0-2FF207862767}.Release|Win32.Build.0 = Release|Win32
		{A1692D5A-9928-4DCC-BAE0-2FF207862767}.Release|x64.ActiveCfg = Release|Win32
		{36B83562-ECDA-4365-ACE2-6C013B31ECA6}.Debug|Win32.ActiveCfg = Debug|Win32
		{36B83562-ECDA-4365-ACE2-6C013B31ECA6}.Debug|Win32.Build.0 = Debug|Win32
		{36B83562-ECDA-4365-ACE2-6C013B31ECA6}.Debug|x64.ActiveCfg = Debug|Win32
		{36B83562-ECDA-4365-ACE2-6C013B31ECA6}.Release|Win32.ActiveCfg = Release|Win32
		{36B83562-ECDA-4365-ACE2-6C013B31ECA6}.Release|Win32.Build.0 = Release|Win32
		{36B83562-ECDA-4365-ACE2-6C013B31ECA6}.Release|x64.ActiveCfg = Release|Win32
		{05E59416-C669-4F49-9478-33F5822EA736}.Debug|Win32.ActiveCfg = Debug|Win32
		{05E59416-C669-4F49-9478-33F5822EA736}.Debug|Win32.Build.0 = Debug|Win32
		{05E59416-C669-4F49-9478-33F5822EA736}.Debug|x64.ActiveCfg = Debug|Win32
		{05E59416-C669-4F49-9478-33F5822EA736}.Release|Win32.ActiveCfg = Release|Win32
		{05E59416-C669-4F49-9478-33F5822EA736}.Release|Win32.Build.0 = Release|Win32
		{05E59416-C669-4F49-9478-33F5822EA736}.Release|x64.ActiveCfg = Release|Win32
		{4128A48F-E071-4554-9170-4A4FF410FB67}.Debug|Win32.ActiveCfg = Debug|Win32
		{4128A48F-E071-4554-9170-4A4FF410FB67}.Debug|Win32.Build.0 = Debug|Win32
		{4128A48F-E071-4554-9170-4A4FF410FB67}.Debug|x64.ActiveCfg = Debug|Win32
		{4128A48F-E071-4554-9170-4A4FF410FB67}.Release|Win32.ActiveCfg = Release|Win32
		{4128A48F-E071-4554-9170-4A4FF410FB67}.Release|Win32.Build.0 = Release|Win32
		{4128A48F-E071-4554-9170-4A4FF410FB67}.Release|x64.ActiveCfg = Release|Win32
		{E2B84771-399A-42A5-874A-B11028FF8841}.Debug|Win32.ActiveCfg = Debug|Win32
		{E2B84771-399A-42A5-874A-B11028FF8841}.Debug|Win32.Build.0 = Debug|Win32
		{E2B84771-399A-42A5-874A-B11028FF8841}.Debug|x64.ActiveCfg = Debug|Win32
		{E2B84771-399A-42A5-874A-B11028FF8841}.Release|Win32.ActiveCfg = Release|Win32
		{E2B84771-399A-42A5-874A-B11028FF8841}.Release|Win32.Build.0 = Release|Win32
		{E2B84771-399A-42A5-874A-B11028FF8841}.Release|x64.ActiveCfg = Release|Win32
		{CFCD9AB8-A2BB-4935-AE84-C21E932DECCF}.Debug|Win32.ActiveCfg = Debug|Win32
		{CFCD9AB8-A2BB-4935-AE84-C21E932DECCF}.Debug|Win32.Build.0 = Debug|Win32
		{CFCD9AB8-A2BB-4935-AE84-C21E932DECCF}.Debug|x64.ActiveCfg = Debug|Win32
		{CFCD9AB8-A2BB-4935-AE84-C21E932DECCF}.Release|Win32.ActiveCfg = Release|Win32
		{CFCD9AB8-A2BB-4935-AE84-C21E932DECCF}.Release|Win32.Build.0 = Release|Win32
		{CFCD9AB8-A2BB-4935-AE84-C21E932DECCF}.Release|x64.ActiveCfg = Release|Win32
		{6C202302-45CE-4BF1-B6E5-871C53644C2F}.Debug|Win32.ActiveCfg = Debug|Win32
		{6C202302-45CE-4BF1-B6E5-871C53644C2F}.Debug|Win32.Build.0 = Debug|Win32
		{6C202302-45CE-4BF1-B6E5-871C53644C2F}.Debug|x64.ActiveCfg = Debug|Win32
		{6C202302-45CE-4BF1-B6E5-871C53644C2F}.Release|Win32.ActiveCfg = Release|Win32
		{6C202302-45CE-4BF1-B6E5-871C53644C2F}.Release|Win32.Build.0 = Release|Win32
		{6C202302-45CE-4BF1-B6E5-871C53644C2F}.Release|x64.ActiveCfg = Release|Win32
		{11799698-EA1C-454E-8E9A-18454A13D8D4}.Debug|Win32.ActiveCfg = Debug|Win32
		{11799698-EA1C-454E-8E9A-18454A13D8D4}.Debug|Win32.Build.0 = Debug|Win32
		{11799698-EA1C-454E-8E9A-18454A13D8D4}.Debug|x64.ActiveCfg = Debug|Win32
		{11799698-EA1C-454E-8E9A-18454A13D8D4}.Release|Win32.ActiveCfg = Release|Win32
		{11799698-EA1C-454E-8E9A-18454A13D8D4}.Release|Win32.Build.0 = Release|Win32
		{11799698-EA1C-454E-8E9A-18454A13D8D4}.Release|x64.ActiveCfg = Release|Win32
		{AF37C2F6-CE13-4413-8771-3900E76397B4}.Debug|Win32.ActiveCfg = Debug|Win32
		{AF37C2F6-CE13-4413-8771-3900E76397B4}.Debug|Win32.Build.0 = Debug|Win32
		{AF37C2F6-CE13-4413-8771-3900E76397B4}.Debug|x64.ActiveCfg = Debug|x64
		{AF37C2F6-CE13-4413-8771-3900E76397B4}.Debug|x64.Build.0 = Debug|x64
		{AF37C2F6-CE13-4413-8771-3900E76397B4}.Release|Win32.ActiveCfg = Release|Win32
		{AF37C2F6-CE13-4413-8771-3900E76397B4}.Release|Win32.Build.0 = Release|Win32
		{AF37C2F6-CE13-4413-8771-3900E76397B4}.Release|x64.ActiveCfg = Release|x64
		{AF37C2F6-CE13-4413-8771-3900E76397B4}.Release|x64.Build.0 = Release|x64
		{44199ED4-AEB3-44D1-9073-C0CF11D96BBF}.Debug|Win32.ActiveCfg = Debug|Win32
		{44199ED4-AEB3-44D1-9073-C0CF11D96BBF}.Debug|Win32.Build.0 = Debug|Win32
		{44199ED4-AEB3-44D1-9073-C0CF11D96BBF}.Debug|x64.ActiveCfg = Debug|x64
		{44199ED4-AEB3-44D1-9073-C0CF11D96BBF}.Debug|x64.Build.0 = Debug|x64
		{44199ED4-AEB3-44D1-9073-C0CF11D96BBF}.Release|Win32.ActiveCfg = Release|Win32
		{44199ED4-AEB3-44D1-9073-C0CF11D96BBF}.Release|Win32.Build.0 = Release|Win32
		{44199ED4-AEB3-44D1-9073-C0CF11D96BBF}.Release|x64.ActiveCfg = Release|x64
		{44199ED4-AEB3-44D1-9073-C0CF11D96BBF}.Release|x64.Build.0 = Release|x64
		{3110834D-912E-4988-A1B9-C92AD707CB97}.Debug|Win32.ActiveCfg = Debug|Win32
		{3110834D-912E-4988-A1B9-C92AD707CB97}.Debug|Win32.Build.0 = Debug|Win32
		{3110834D-912E-4988-A1B9-C92AD707CB97}.Debug|x64.ActiveCfg = Debug|Win32
		{3110834D-912E-4988-A1B9-C92AD707CB97}.Release|Win32.ActiveCfg = Release|Win32
		{3110834D-912E-4988-A1B9-C92AD707CB97}.Release|Win32.Build.0 = Release|Win32
		{3110834D-912E-4988-A1B9-C92AD707CB97}.Release|x64.ActiveCfg = Release|Win32
	EndGlobalSection
	GlobalSection(SolutionProperties) = preSolution
		HideSolutionNode = FALSE
	EndGlobalSection
	GlobalSection(ExtensibilityGlobals) = postSolution
		SolutionGuid = {C29AF3A9-BFD0-417E-9249-A531B66CC71B}
	EndGlobalSection
EndGlobal
